# THIS IS AN AUTOGENERATED FILE. DO NOT EDIT THIS FILE DIRECTLY.
# yarn lockfile v1
gsap:
  version "1.19.0"
  resolved "https://registry.yarnpkg.com/gsap/-/gsap-1.19.0.tgz#f36b78c6b1a449028d89efbb4c161db29f5991dd"

jquery:
  version "3.1.1"
  resolved "https://registry.yarnpkg.com/jquery/-/jquery-3.1.1.tgz#347c1c21c7e004115e0a4da32cece041fad3c8a3"

three@^0.82.1:
  version "0.82.1"
  resolved "https://registry.yarnpkg.com/three/-/three-0.82.1.tgz#f63c3730971520c54479e3627d370d764a4a8383"

